// !$*UTF8*$!
{
	archiveVersion = 1;
	classes = {
	};
	objectVersion = 50;
	objects = {

/* Begin PBXBuildFile section */
		AC9EF7922246C36000963244 /* AppDelegate.swift in Sources */ = {isa = PBXBuildFile; fileRef = AC9EF7912246C36000963244 /* AppDelegate.swift */; };
		AC9EF7942246C36000963244 /* ViewController.swift in Sources */ = {isa = PBXBuildFile; fileRef = AC9EF7932246C36000963244 /* ViewController.swift */; };
		AC9EF7972246C36000963244 /* Main.storyboard in Resources */ = {isa = PBXBuildFile; fileRef = AC9EF7952246C36000963244 /* Main.storyboard */; };
		AC9EF7992246C36900963244 /* Assets.xcassets in Resources */ = {isa = PBXBuildFile; fileRef = AC9EF7982246C36900963244 /* Assets.xcassets */; };
		AC9EF79C2246C36900963244 /* LaunchScreen.storyboard in Resources */ = {isa = PBXBuildFile; fileRef = AC9EF79A2246C36900963244 /* LaunchScreen.storyboard */; };
		AC9EF7A72246C36900963244 /* ViewCodeTests.swift in Sources */ = {isa = PBXBuildFile; fileRef = AC9EF7A62246C36900963244 /* ViewCodeTests.swift */; };
		AC9EF7B22246C36900963244 /* ViewCodeUITests.swift in Sources */ = {isa = PBXBuildFile; fileRef = AC9EF7B12246C36900963244 /* ViewCodeUITests.swift */; };
/* End PBXBuildFile section */

/* Begin PBXContainerItemProxy section */
		AC9EF7A32246C36900963244 /* PBXContainerItemProxy */ = {
			isa = PBXContainerItemProxy;
			containerPortal = AC9EF7862246C35F00963244 /* Project object */;
			proxyType = 1;
			remoteGlobalIDString = AC9EF78D2246C36000963244;
			remoteInfo = ViewCode;
		};
		AC9EF7AE2246C36900963244 /* PBXContainerItemProxy */ = {
			isa = PBXContainerItemProxy;
			containerPortal = AC9EF7862246C35F00963244 /* Project object */;
			proxyType = 1;
			remoteGlobalIDString = AC9EF78D2246C36000963244;
			remoteInfo = ViewCode;
		};
/* End PBXContainerItemProxy section */

/* Begin PBXFileReference section */
		AC9EF78E2246C36000963244 /* ViewCode.app */ = {isa = PBXFileReference; explicitFileType = wrapper.application; includeInIndex = 0; path = ViewCode.app; sourceTree = BUILT_PRODUCTS_DIR; };
		AC9EF7912246C36000963244 /* AppDelegate.swift */ = {isa = PBXFileReference; lastKnownFileType = sourcecode.swift; path = AppDelegate.swift; sourceTree = "<group>"; };
		AC9EF7932246C36000963244 /* ViewController.swift */ = {isa = PBXFileReference; lastKnownFileType = sourcecode.swift; path = ViewController.swift; sourceTree = "<group>"; };
		AC9EF7962246C36000963244 /* Base */ = {isa = PBXFileReference; lastKnownFileType = file.storyboard; name = Base; path = Base.lproj/Main.storyboard; sourceTree = "<group>"; };
		AC9EF7982246C36900963244 /* Assets.xcassets */ = {isa = PBXFileReference; lastKnownFileType = folder.assetcatalog; path = Assets.xcassets; sourceTree = "<group>"; };
		AC9EF79B2246C36900963244 /* Base */ = {isa = PBXFileReference; lastKnownFileType = file.storyboard; name = Base; path = Base.lproj/LaunchScreen.storyboard; sourceTree = "<group>"; };
		AC9EF79D2246C36900963244 /* Info.plist */ = {isa = PBXFileReference; lastKnownFileType = text.plist.xml; path = Info.plist; sourceTree = "<group>"; };
		AC9EF7A22246C36900963244 /* ViewCodeTests.xctest */ = {isa = PBXFileReference; explicitFileType = wrapper.cfbundle; includeInIndex = 0; path = ViewCodeTests.xctest; sourceTree = BUILT_PRODUCTS_DIR; };
		AC9EF7A62246C36900963244 /* ViewCodeTests.swift */ = {isa = PBXFileReference; lastKnownFileType = sourcecode.swift; path = ViewCodeTests.swift; sourceTree = "<group>"; };
		AC9EF7A82246C36900963244 /* Info.plist */ = {isa = PBXFileReference; lastKnownFileType = text.plist.xml; path = Info.plist; sourceTree = "<group>"; };
		AC9EF7AD2246C36900963244 /* ViewCodeUITests.xctest */ = {isa = PBXFileReference; explicitFileType = wrapper.cfbundle; includeInIndex = 0; path = ViewCodeUITests.xctest; sourceTree = BUILT_PRODUCTS_DIR; };
		AC9EF7B12246C36900963244 /* ViewCodeUITests.swift */ = {isa = PBXFileReference; lastKnownFileType = sourcecode.swift; path = ViewCodeUITests.swift; sourceTree = "<group>"; };
		AC9EF7B32246C36900963244 /* Info.plist */ = {isa = PBXFileReference; lastKnownFileType = text.plist.xml; path = Info.plist; sourceTree = "<group>"; };
/* End PBXFileReference section */

/* Begin PBXFrameworksBuildPhase section */
		AC9EF78B2246C36000963244 /* Frameworks */ = {
			isa = PBXFrameworksBuildPhase;
			buildActionMask = 2147483647;
			files = (
			);
			runOnlyForDeploymentPostprocessing = 0;
		};
		AC9EF79F2246C36900963244 /* Frameworks */ = {
			isa = PBXFrameworksBuildPhase;
			buildActionMask = 2147483647;
			files = (
			);
			runOnlyForDeploymentPostprocessing = 0;
		};
		AC9EF7AA2246C36900963244 /* Frameworks */ = {
			isa = PBXFrameworksBuildPhase;
			buildActionMask = 2147483647;
			files = (
			);
			runOnlyForDeploymentPostprocessing = 0;
		};
/* End PBXFrameworksBuildPhase section */

/* Begin PBXGroup section */
		AC9EF7852246C35F00963244 = {
			isa = PBXGroup;
			children = (
				AC9EF7902246C36000963244 /* ViewCode */,
				AC9EF7A52246C36900963244 /* ViewCodeTests */,
				AC9EF7B02246C36900963244 /* ViewCodeUITests */,
				AC9EF78F2246C36000963244 /* Products */,
			);
			sourceTree = "<group>";
		};
		AC9EF78F2246C36000963244 /* Products */ = {
			isa = PBXGroup;
			children = (
				AC9EF78E2246C36000963244 /* ViewCode.app */,
				AC9EF7A22246C36900963244 /* ViewCodeTests.xctest */,
				AC9EF7AD2246C36900963244 /* ViewCodeUITests.xctest */,
			);
			name = Products;
			sourceTree = "<group>";
		};
		AC9EF7902246C36000963244 /* ViewCode */ = {
			isa = PBXGroup;
			children = (
				AC9EF7912246C36000963244 /* AppDelegate.swift */,
				AC9EF7932246C36000963244 /* ViewController.swift */,
				AC9EF7952246C36000963244 /* Main.storyboard */,
				AC9EF7982246C36900963244 /* Assets.xcassets */,
				AC9EF79A2246C36900963244 /* LaunchScreen.storyboard */,
				AC9EF79D2246C36900963244 /* Info.plist */,
			);
			path = ViewCode;
			sourceTree = "<group>";
		};
		AC9EF7A52246C36900963244 /* ViewCodeTests */ = {
			isa = PBXGroup;
			children = (
				AC9EF7A62246C36900963244 /* ViewCodeTests.swift */,
				AC9EF7A82246C36900963244 /* Info.plist */,
			);
			path = ViewCodeTests;
			sourceTree = "<group>";
		};
		AC9EF7B02246C36900963244 /* ViewCodeUITests */ = {
			isa = PBXGroup;
			children = (
				AC9EF7B12246C36900963244 /* ViewCodeUITests.swift */,
				AC9EF7B32246C36900963244 /* Info.plist */,
			);
			path = ViewCodeUITests;
			sourceTree = "<group>";
		};
/* End PBXGroup section */

/* Begin PBXNativeTarget section */
		AC9EF78D2246C36000963244 /* ViewCode */ = {
			isa = PBXNativeTarget;
			buildConfigurationList = AC9EF7B62246C36900963244 /* Build configuration list for PBXNativeTarget "ViewCode" */;
			buildPhases = (
				AC9EF78A2246C36000963244 /* Sources */,
				AC9EF78B2246C36000963244 /* Frameworks */,
				AC9EF78C2246C36000963244 /* Resources */,
			);
			buildRules = (
			);
			dependencies = (
			);
			name = ViewCode;
			productName = ViewCode;
			productReference = AC9EF78E2246C36000963244 /* ViewCode.app */;
			productType = "com.apple.product-type.application";
		};
		AC9EF7A12246C36900963244 /* ViewCodeTests */ = {
			isa = PBXNativeTarget;
			buildConfigurationList = AC9EF7B92246C36900963244 /* Build configuration list for PBXNativeTarget "ViewCodeTests" */;
			buildPhases = (
				AC9EF79E2246C36900963244 /* Sources */,
				AC9EF79F2246C36900963244 /* Frameworks */,
				AC9EF7A02246C36900963244 /* Resources */,
			);
			buildRules = (
			);
			dependencies = (
				AC9EF7A42246C36900963244 /* PBXTargetDependency */,
			);
			name = ViewCodeTests;
			productName = ViewCodeTests;
			productReference = AC9EF7A22246C36900963244 /* ViewCodeTests.xctest */;
			productType = "com.apple.product-type.bundle.unit-test";
		};
		AC9EF7AC2246C36900963244 /* ViewCodeUITests */ = {
			isa = PBXNativeTarget;
			buildConfigurationList = AC9EF7BC2246C36900963244 /* Build configuration list for PBXNativeTarget "ViewCodeUITests" */;
			buildPhases = (
				AC9EF7A92246C36900963244 /* Sources */,
				AC9EF7AA2246C36900963244 /* Frameworks */,
				AC9EF7AB2246C36900963244 /* Resources */,
			);
			buildRules = (
			);
			dependencies = (
				AC9EF7AF2246C36900963244 /* PBXTargetDependency */,
			);
			name = ViewCodeUITests;
			productName = ViewCodeUITests;
			productReference = AC9EF7AD2246C36900963244 /* ViewCodeUITests.xctest */;
			productType = "com.apple.product-type.bundle.ui-testing";
		};
/* End PBXNativeTarget section */

/* Begin PBXProject section */
		AC9EF7862246C35F00963244 /* Project object */ = {
			isa = PBXProject;
			attributes = {
				LastSwiftUpdateCheck = 1000;
				LastUpgradeCheck = 1000;
				ORGANIZATIONNAME = "Usuário Convidado";
				TargetAttributes = {
					AC9EF78D2246C36000963244 = {
						CreatedOnToolsVersion = 10.0;
					};
					AC9EF7A12246C36900963244 = {
						CreatedOnToolsVersion = 10.0;
						TestTargetID = AC9EF78D2246C36000963244;
					};
					AC9EF7AC2246C36900963244 = {
						CreatedOnToolsVersion = 10.0;
						TestTargetID = AC9EF78D2246C36000963244;
					};
				};
			};
			buildConfigurationList = AC9EF7892246C35F00963244 /* Build configuration list for PBXProject "ViewCode" */;
			compatibilityVersion = "Xcode 9.3";
			developmentRegion = en;
			hasScannedForEncodings = 0;
			knownRegions = (
				en,
				Base,
			);
			mainGroup = AC9EF7852246C35F00963244;
			productRefGroup = AC9EF78F2246C36000963244 /* Products */;
			projectDirPath = "";
			projectRoot = "";
			targets = (
				AC9EF78D2246C36000963244 /* ViewCode */,
				AC9EF7A12246C36900963244 /* ViewCodeTests */,
				AC9EF7AC2246C36900963244 /* ViewCodeUITests */,
			);
		};
/* End PBXProject section */

/* Begin PBXResourcesBuildPhase section */
		AC9EF78C2246C36000963244 /* Resources */ = {
			isa = PBXResourcesBuildPhase;
			buildActionMask = 2147483647;
			files = (
				AC9EF79C2246C36900963244 /* LaunchScreen.storyboard in Resources */,
				AC9EF7992246C36900963244 /* Assets.xcassets in Resources */,
				AC9EF7972246C36000963244 /* Main.storyboard in Resources */,
			);
			runOnlyForDeploymentPostprocessing = 0;
		};
		AC9EF7A02246C36900963244 /* Resources */ = {
			isa = PBXResourcesBuildPhase;
			buildActionMask = 2147483647;
			files = (
			);
			runOnlyForDeploymentPostprocessing = 0;
		};
		AC9EF7AB2246C36900963244 /* Resources */ = {
			isa = PBXResourcesBuildPhase;
			buildActionMask = 2147483647;
			files = (
			);
			runOnlyForDeploymentPostprocessing = 0;
		};
/* End PBXResourcesBuildPhase section */

/* Begin PBXSourcesBuildPhase section */
		AC9EF78A2246C36000963244 /* Sources */ = {
			isa = PBXSourcesBuildPhase;
			buildActionMask = 2147483647;
			files = (
				AC9EF7942246C36000963244 /* ViewController.swift in Sources */,
				AC9EF7922246C36000963244 /* AppDelegate.swift in Sources */,
			);
			runOnlyForDeploymentPostprocessing = 0;
		};
		AC9EF79E2246C36900963244 /* Sources */ = {
			isa = PBXSourcesBuildPhase;
			buildActionMask = 2147483647;
			files = (
				AC9EF7A72246C36900963244 /* ViewCodeTests.swift in Sources */,
			);
			runOnlyForDeploymentPostprocessing = 0;
		};
		AC9EF7A92246C36900963244 /* Sources */ = {
			isa = PBXSourcesBuildPhase;
			buildActionMask = 2147483647;
			files = (
				AC9EF7B22246C36900963244 /* ViewCodeUITests.swift in Sources */,
			);
			runOnlyForDeploymentPostprocessing = 0;
		};
/* End PBXSourcesBuildPhase section */

/* Begin PBXTargetDependency section */
		AC9EF7A42246C36900963244 /* PBXTargetDependency */ = {
			isa = PBXTargetDependency;
			target = AC9EF78D2246C36000963244 /* ViewCode */;
			targetProxy = AC9EF7A32246C36900963244 /* PBXContainerItemProxy */;
		};
		AC9EF7AF2246C36900963244 /* PBXTargetDependency */ = {
			isa = PBXTargetDependency;
			target = AC9EF78D2246C36000963244 /* ViewCode */;
			targetProxy = AC9EF7AE2246C36900963244 /* PBXContainerItemProxy */;
		};
/* End PBXTargetDependency section */

/* Begin PBXVariantGroup section */
		AC9EF7952246C36000963244 /* Main.storyboard */ = {
			isa = PBXVariantGroup;
			children = (
				AC9EF7962246C36000963244 /* Base */,
			);
			name = Main.storyboard;
			sourceTree = "<group>";
		};
		AC9EF79A2246C36900963244 /* LaunchScreen.storyboard */ = {
			isa = PBXVariantGroup;
			children = (
				AC9EF79B2246C36900963244 /* Base */,
			);
			name = LaunchScreen.storyboard;
			sourceTree = "<group>";
		};
/* End PBXVariantGroup section */

/* Begin XCBuildConfiguration section */
		AC9EF7B42246C36900963244 /* Debug */ = {
			isa = XCBuildConfiguration;
			buildSettings = {
				ALWAYS_SEARCH_USER_PATHS = NO;
				CLANG_ANALYZER_NONNULL = YES;
				CLANG_ANALYZER_NUMBER_OBJECT_CONVERSION = YES_AGGRESSIVE;
				CLANG_CXX_LANGUAGE_STANDARD = "gnu++14";
				CLANG_CXX_LIBRARY = "libc++";
				CLANG_ENABLE_MODULES = YES;
				CLANG_ENABLE_OBJC_ARC = YES;
				CLANG_ENABLE_OBJC_WEAK = YES;
				CLANG_WARN_BLOCK_CAPTURE_AUTORELEASING = YES;
				CLANG_WARN_BOOL_CONVERSION = YES;
				CLANG_WARN_COMMA = YES;
				CLANG_WARN_CONSTANT_CONVERSION = YES;
				CLANG_WARN_DEPRECATED_OBJC_IMPLEMENTATIONS = YES;
				CLANG_WARN_DIRECT_OBJC_ISA_USAGE = YES_ERROR;
				CLANG_WARN_DOCUMENTATION_COMMENTS = YES;
				CLANG_WARN_EMPTY_BODY = YES;
				CLANG_WARN_ENUM_CONVERSION = YES;
				CLANG_WARN_INFINITE_RECURSION = YES;
				CLANG_WARN_INT_CONVERSION = YES;
				CLANG_WARN_NON_LITERAL_NULL_CONVERSION = YES;
				CLANG_WARN_OBJC_IMPLICIT_RETAIN_SELF = YES;
				CLANG_WARN_OBJC_LITERAL_CONVERSION = YES;
				CLANG_WARN_OBJC_ROOT_CLASS = YES_ERROR;
				CLANG_WARN_RANGE_LOOP_ANALYSIS = YES;
				CLANG_WARN_STRICT_PROTOTYPES = YES;
				CLANG_WARN_SUSPICIOUS_MOVE = YES;
				CLANG_WARN_UNGUARDED_AVAILABILITY = YES_AGGRESSIVE;
				CLANG_WARN_UNREACHABLE_CODE = YES;
				CLANG_WARN__DUPLICATE_METHOD_MATCH = YES;
				CODE_SIGN_IDENTITY = "iPhone Developer";
				COPY_PHASE_STRIP = NO;
				DEBUG_INFORMATION_FORMAT = dwarf;
				ENABLE_STRICT_OBJC_MSGSEND = YES;
				ENABLE_TESTABILITY = YES;
				GCC_C_LANGUAGE_STANDARD = gnu11;
				GCC_DYNAMIC_NO_PIC = NO;
				GCC_NO_COMMON_BLOCKS = YES;
				GCC_OPTIMIZATION_LEVEL = 0;
				GCC_PREPROCESSOR_DEFINITIONS = (
					"DEBUG=1",
					"$(inherited)",
				);
				GCC_WARN_64_TO_32_BIT_CONVERSION = YES;
				GCC_WARN_ABOUT_RETURN_TYPE = YES_ERROR;
				GCC_WARN_UNDECLARED_SELECTOR = YES;
				GCC_WARN_UNINITIALIZED_AUTOS = YES_AGGRESSIVE;
				GCC_WARN_UNUSED_FUNCTION = YES;
				GCC_WARN_UNUSED_VARIABLE = YES;
				IPHONEOS_DEPLOYMENT_TARGET = 12.0;
				MTL_ENABLE_DEBUG_INFO = INCLUDE_SOURCE;
				MTL_FAST_MATH = YES;
				ONLY_ACTIVE_ARCH = YES;
				SDKROOT = iphoneos;
				SWIFT_ACTIVE_COMPILATION_CONDITIONS = DEBUG;
				SWIFT_OPTIMIZATION_LEVEL = "-Onone";
			};
			name = Debug;
		};
		AC9EF7B52246C36900963244 /* Release */ = {
			isa = XCBuildConfiguration;
			buildSettings = {
				ALWAYS_SEARCH_USER_PATHS = NO;
				CLANG_ANALYZER_NONNULL = YES;
				CLANG_ANALYZER_NUMBER_OBJECT_CONVERSION = YES_AGGRESSIVE;
				CLANG_CXX_LANGUAGE_STANDARD = "gnu++14";
				CLANG_CXX_LIBRARY = "libc++";
				CLANG_ENABLE_MODULES = YES;
				CLANG_ENABLE_OBJC_ARC = YES;
				CLANG_ENABLE_OBJC_WEAK = YES;
				CLANG_WARN_BLOCK_CAPTURE_AUTORELEASING = YES;
				CLANG_WARN_BOOL_CONVERSION = YES;
				CLANG_WARN_COMMA = YES;
				CLANG_WARN_CONSTANT_CONVERSION = YES;
				CLANG_WARN_DEPRECATED_OBJC_IMPLEMENTATIONS = YES;
				CLANG_WARN_DIRECT_OBJC_ISA_USAGE = YES_ERROR;
				CLANG_WARN_DOCUMENTATION_COMMENTS = YES;
				CLANG_WARN_EMPTY_BODY = YES;
				CLANG_WARN_ENUM_CONVERSION = YES;
				CLANG_WARN_INFINITE_RECURSION = YES;
				CLANG_WARN_INT_CONVERSION = YES;
				CLANG_WARN_NON_LITERAL_NULL_CONVERSION = YES;
				CLANG_WARN_OBJC_IMPLICIT_RETAIN_SELF = YES;
				CLANG_WARN_OBJC_LITERAL_CONVERSION = YES;
				CLANG_WARN_OBJC_ROOT_CLASS = YES_ERROR;
				CLANG_WARN_RANGE_LOOP_ANALYSIS = YES;
				CLANG_WARN_STRICT_PROTOTYPES = YES;
				CLANG_WARN_SUSPICIOUS_MOVE = YES;
				CLANG_WARN_UNGUARDED_AVAILABILITY = YES_AGGRESSIVE;
				CLANG_WARN_UNREACHABLE_CODE = YES;
				CLANG_WARN__DUPLICATE_METHOD_MATCH = YES;
				CODE_SIGN_IDENTITY = "iPhone Developer";
				COPY_PHASE_STRIP = NO;
				DEBUG_INFORMATION_FORMAT = "dwarf-with-dsym";
				ENABLE_NS_ASSERTIONS = NO;
				ENABLE_STRICT_OBJC_MSGSEND = YES;
				GCC_C_LANGUAGE_STANDARD = gnu11;
				GCC_NO_COMMON_BLOCKS = YES;
				GCC_WARN_64_TO_32_BIT_CONVERSION = YES;
				GCC_WARN_ABOUT_RETURN_TYPE = YES_ERROR;
				GCC_WARN_UNDECLARED_SELECTOR = YES;
				GCC_WARN_UNINITIALIZED_AUTOS = YES_AGGRESSIVE;
				GCC_WARN_UNUSED_FUNCTION = YES;
				GCC_WARN_UNUSED_VARIABLE = YES;
				IPHONEOS_DEPLOYMENT_TARGET = 12.0;
				MTL_ENABLE_DEBUG_INFO = NO;
				MTL_FAST_MATH = YES;
				SDKROOT = iphoneos;
				SWIFT_COMPILATION_MODE = wholemodule;
				SWIFT_OPTIMIZATION_LEVEL = "-O";
				VALIDATE_PRODUCT = YES;
			};
			name = Release;
		};
		AC9EF7B72246C36900963244 /* Debug */ = {
			isa = XCBuildConfiguration;
			buildSettings = {
				ASSETCATALOG_COMPILER_APPICON_NAME = AppIcon;
				CODE_SIGN_STYLE = Automatic;
				INFOPLIST_FILE = ViewCode/Info.plist;
				LD_RUNPATH_SEARCH_PATHS = (
					"$(inherited)",
					"@executable_path/Frameworks",
				);
				PRODUCT_BUNDLE_IDENTIFIER = teste.ViewCode;
				PRODUCT_NAME = "$(TARGET_NAME)";
				SWIFT_VERSION = 4.2;
				TARGETED_DEVICE_FAMILY = "1,2";
			};
			name = Debug;
		};
		AC9EF7B82246C36900963244 /* Release */ = {
			isa = XCBuildConfiguration;
			buildSettings = {
				ASSETCATALOG_COMPILER_APPICON_NAME = AppIcon;
				CODE_SIGN_STYLE = Automatic;
				INFOPLIST_FILE = ViewCode/Info.plist;
				LD_RUNPATH_SEARCH_PATHS = (
					"$(inherited)",
					"@executable_path/Frameworks",
				);
				PRODUCT_BUNDLE_IDENTIFIER = teste.ViewCode;
				PRODUCT_NAME = "$(TARGET_NAME)";
				SWIFT_VERSION = 4.2;
				TARGETED_DEVICE_FAMILY = "1,2";
			};
			name = Release;
		};
		AC9EF7BA2246C36900963244 /* Debug */ = {
			isa = XCBuildConfiguration;
			buildSettings = {
				ALWAYS_EMBED_SWIFT_STANDARD_LIBRARIES = YES;
				BUNDLE_LOADER = "$(TEST_HOST)";
				CODE_SIGN_STYLE = Automatic;
				INFOPLIST_FILE = ViewCodeTests/Info.plist;
				LD_RUNPATH_SEARCH_PATHS = (
					"$(inherited)",
					"@executable_path/Frameworks",
					"@loader_path/Frameworks",
				);
				PRODUCT_BUNDLE_IDENTIFIER = teste.ViewCodeTests;
				PRODUCT_NAME = "$(TARGET_NAME)";
				SWIFT_VERSION = 4.2;
				TARGETED_DEVICE_FAMILY = "1,2";
				TEST_HOST = "$(BUILT_PRODUCTS_DIR)/ViewCode.app/ViewCode";
			};
			name = Debug;
		};
		AC9EF7BB2246C36900963244 /* Release */ = {
			isa = XCBuildConfiguration;
			buildSettings = {
				ALWAYS_EMBED_SWIFT_STANDARD_LIBRARIES = YES;
				BUNDLE_LOADER = "$(TEST_HOST)";
				CODE_SIGN_STYLE = Automatic;
				INFOPLIST_FILE = ViewCodeTests/Info.plist;
				LD_RUNPATH_SEARCH_PATHS = (
					"$(inherited)",
					"@executable_path/Frameworks",
					"@loader_path/Frameworks",
				);
				PRODUCT_BUNDLE_IDENTIFIER = teste.ViewCodeTests;
				PRODUCT_NAME = "$(TARGET_NAME)";
				SWIFT_VERSION = 4.2;
				TARGETED_DEVICE_FAMILY = "1,2";
				TEST_HOST = "$(BUILT_PRODUCTS_DIR)/ViewCode.app/ViewCode";
			};
			name = Release;
		};
		AC9EF7BD2246C36900963244 /* Debug */ = {
			isa = XCBuildConfiguration;
			buildSettings = {
				ALWAYS_EMBED_SWIFT_STANDARD_LIBRARIES = YES;
				CODE_SIGN_STYLE = Automatic;
				INFOPLIST_FILE = ViewCodeUITests/Info.plist;
				LD_RUNPATH_SEARCH_PATHS = (
					"$(inherited)",
					"@executable_path/Frameworks",
					"@loader_path/Frameworks",
				);
				PRODUCT_BUNDLE_IDENTIFIER = teste.ViewCodeUITests;
				PRODUCT_NAME = "$(TARGET_NAME)";
				SWIFT_VERSION = 4.2;
				TARGETED_DEVICE_FAMILY = "1,2";
				TEST_TARGET_NAME = ViewCode;
			};
			name = Debug;
		};
		AC9EF7BE2246C36900963244 /* Release */ = {
			isa = XCBuildConfiguration;
			buildSettings = {
				ALWAYS_EMBED_SWIFT_STANDARD_LIBRARIES = YES;
				CODE_SIGN_STYLE = Automatic;
				INFOPLIST_FILE = ViewCodeUITests/Info.plist;
				LD_RUNPATH_SEARCH_PATHS = (
					"$(inherited)",
					"@executable_path/Frameworks",
					"@loader_path/Frameworks",
				);
				PRODUCT_BUNDLE_IDENTIFIER = teste.ViewCodeUITests;
				PRODUCT_NAME = "$(TARGET_NAME)";
				SWIFT_VERSION = 4.2;
				TARGETED_DEVICE_FAMILY = "1,2";
				TEST_TARGET_NAME = ViewCode;
			};
			name = Release;
		};
/* End XCBuildConfiguration section */

/* Begin XCConfigurationList section */
		AC9EF7892246C35F00963244 /* Build configuration list for PBXProject "ViewCode" */ = {
			isa = XCConfigurationList;
			buildConfigurations = (
				AC9EF7B42246C36900963244 /* Debug */,
				AC9EF7B52246C36900963244 /* Release */,
			);
			defaultConfigurationIsVisible = 0;
			defaultConfigurationName = Release;
		};
		AC9EF7B62246C36900963244 /* Build configuration list for PBXNativeTarget "ViewCode" */ = {
			isa = XCConfigurationList;
			buildConfigurations = (
				AC9EF7B72246C36900963244 /* Debug */,
				AC9EF7B82246C36900963244 /* Release */,
			);
			defaultConfigurationIsVisible = 0;
			defaultConfigurationName = Release;
		};
		AC9EF7B92246C36900963244 /* Build configuration list for PBXNativeTarget "ViewCodeTests" */ = {
			isa = XCConfigurationList;
			buildConfigurations = (
				AC9EF7BA2246C36900963244 /* Debug */,
				AC9EF7BB2246C36900963244 /* Release */,
			);
			defaultConfigurationIsVisible = 0;
			defaultConfigurationName = Release;
		};
		AC9EF7BC2246C36900963244 /* Build configuration list for PBXNativeTarget "ViewCodeUITests" */ = {
			isa = XCConfigurationList;
			buildConfigurations = (
				AC9EF7BD2246C36900963244 /* Debug */,
				AC9EF7BE2246C36900963244 /* Release */,
			);
			defaultConfigurationIsVisible = 0;
			defaultConfigurationName = Release;
		};
/* End XCConfigurationList section */
	};
	rootObject = AC9EF7862246C35F00963244 /* Project object */;
}
